
Microsoft Visual Studio Solution File, Format Version 12.00
# Visual Studio 2012
Project("{8BC9CEB8-8B4A-11D0-8D11-00A0C91BC942}") = "LCCRF", "LCCRF\LCCRF.vcxproj", "{146717DE-BA7F-404F-BD02-ED767F490E4F}"
EndProject
Project("{8BC9CEB8-8B4A-11D0-8D11-00A0C91BC942}") = "Test", "Test\Test.vcxproj", "{8576921C-FEAC-4AA5-918F-0D298FD86F66}"
EndProject
Global
	GlobalSection(SolutionConfigurationPlatforms) = preSolution
		Debug|Any CPU = Debug|Any CPU
		Debug|Mixed Platforms = Debug|Mixed Platforms
		Debug|Win32 = Debug|Win32
		Release|Any CPU = Release|Any CPU
		Release|Mixed Platforms = Release|Mixed Platforms
		Release|Win32 = Release|Win32
	EndGlobalSection
	GlobalSection(ProjectConfigurationPlatforms) = postSolution
		{146717DE-BA7F-404F-BD02-ED767F490E4F}.Debug|Any CPU.ActiveCfg = Debug|Win32
		{146717DE-BA7F-404F-BD02-ED767F490E4F}.Debug|Mixed Platforms.ActiveCfg = Debug|Win32
		{146717DE-BA7F-404F-BD02-ED767F490E4F}.Debug|Mixed Platforms.Build.0 = Debug|Win32
		{146717DE-BA7F-404F-BD02-ED767F490E4F}.Debug|Win32.ActiveCfg = Debug|Win32
		{146717DE-BA7F-404F-BD02-ED767F490E4F}.Debug|Win32.Build.0 = Debug|Win32
		{146717DE-BA7F-404F-BD02-ED767F490E4F}.Release|Any CPU.ActiveCfg = Release|Win32
		{146717DE-BA7F-404F-BD02-ED767F490E4F}.Release|Mixed Platforms.ActiveCfg = Release|Win32
		{146717DE-BA7F-404F-BD02-ED767F490E4F}.Release|Mixed Platforms.Build.0 = Release|Win32
		{146717DE-BA7F-404F-BD02-ED767F490E4F}.Release|Win32.ActiveCfg = Release|Win32
		{146717DE-BA7F-404F-BD02-ED767F490E4F}.Release|Win32.Build.0 = Release|Win32
		{8576921C-FEAC-4AA5-918F-0D298FD86F66}.Debug|Any CPU.ActiveCfg = Debug|Win32
		{8576921C-FEAC-4AA5-918F-0D298FD86F66}.Debug|Mixed Platforms.ActiveCfg = Debug|Win32
		{8576921C-FEAC-4AA5-918F-0D298FD86F66}.Debug|Mixed Platforms.Build.0 = Debug|Win32
		{8576921C-FEAC-4AA5-918F-0D298FD86F66}.Debug|Win32.ActiveCfg = Debug|Win32
		{8576921C-FEAC-4AA5-918F-0D298FD86F66}.Debug|Win32.Build.0 = Debug|Win32
		{8576921C-FEAC-4AA5-918F-0D298FD86F66}.Release|Any CPU.ActiveCfg = Release|Win32
		{8576921C-FEAC-4AA5-918F-0D298FD86F66}.Release|Mixed Platforms.ActiveCfg = Release|Win32
		{8576921C-FEAC-4AA5-918F-0D298FD86F66}.Release|Mixed Platforms.Build.0 = Release|Win32
		{8576921C-FEAC-4AA5-918F-0D298FD86F66}.Release|Win32.ActiveCfg = Release|Win32
		{8576921C-FEAC-4AA5-918F-0D298FD86F66}.Release|Win32.Build.0 = Release|Win32
	EndGlobalSection
	GlobalSection(SolutionProperties) = preSolution
		HideSolutionNode = FALSE
	EndGlobalSection
EndGlobal
