
Microsoft Visual Studio Solution File, Format Version 12.00
# Visual Studio 14
VisualStudioVersion = 14.0.25420.1
MinimumVisualStudioVersion = 10.0.40219.1
Project("{8BC9CEB8-8B4A-11D0-8D11-00A0C91BC942}") = "lib", "lib\lib.vcxproj", "{E777991D-06E5-47F8-A99F-331086F05875}"
EndProject
Project("{8BC9CEB8-8B4A-11D0-8D11-00A0C91BC942}") = "console", "console\console.vcxproj", "{1EE8DEC9-1C3D-432E-A901-7B3AE6156C75}"
EndProject
Project("{8BC9CEB8-8B4A-11D0-8D11-00A0C91BC942}") = "TestLCCRF", "TestLCCRF\Test.vcxproj", "{8576921C-FEAC-4AA5-918F-0D298FD86F66}"
EndProject
Global
	GlobalSection(SolutionConfigurationPlatforms) = preSolution
		Debug|Win32 = Debug|Win32
		Release|Win32 = Release|Win32
	EndGlobalSection
	GlobalSection(ProjectConfigurationPlatforms) = postSolution
		{E777991D-06E5-47F8-A99F-331086F05875}.Debug|Win32.ActiveCfg = Debug|Win32
		{E777991D-06E5-47F8-A99F-331086F05875}.Debug|Win32.Build.0 = Debug|Win32
		{E777991D-06E5-47F8-A99F-331086F05875}.Release|Win32.ActiveCfg = Release|Win32
		{E777991D-06E5-47F8-A99F-331086F05875}.Release|Win32.Build.0 = Release|Win32
		{1EE8DEC9-1C3D-432E-A901-7B3AE6156C75}.Debug|Win32.ActiveCfg = Debug|Win32
		{1EE8DEC9-1C3D-432E-A901-7B3AE6156C75}.Debug|Win32.Build.0 = Debug|Win32
		{1EE8DEC9-1C3D-432E-A901-7B3AE6156C75}.Release|Win32.ActiveCfg = Release|Win32
		{1EE8DEC9-1C3D-432E-A901-7B3AE6156C75}.Release|Win32.Build.0 = Release|Win32
		{8576921C-FEAC-4AA5-918F-0D298FD86F66}.Debug|Win32.ActiveCfg = Debug|Win32
		{8576921C-FEAC-4AA5-918F-0D298FD86F66}.Debug|Win32.Build.0 = Debug|Win32
		{8576921C-FEAC-4AA5-918F-0D298FD86F66}.Release|Win32.ActiveCfg = Release|Win32
		{8576921C-FEAC-4AA5-918F-0D298FD86F66}.Release|Win32.Build.0 = Release|Win32
	EndGlobalSection
	GlobalSection(SolutionProperties) = preSolution
		HideSolutionNode = FALSE
	EndGlobalSection
EndGlobal
