<?xml version="1.0" encoding="utf-8"?>
<Project ToolsVersion="4.0" xmlns="http://schemas.microsoft.com/developer/msbuild/2003">
  <ItemGroup>
    <Filter Include="Source Files">
      <UniqueIdentifier>{4FC737F1-C7A5-4376-A066-2A32D752A2FF}</UniqueIdentifier>
      <Extensions>cpp;c;cc;cxx;def;odl;idl;hpj;bat;asm;asmx</Extensions>
    </Filter>
    <Filter Include="Header Files">
      <UniqueIdentifier>{93995380-89BD-4b04-88EB-625FBE52EBFB}</UniqueIdentifier>
      <Extensions>h;hh;hpp;hxx;hm;inl;inc;xsd</Extensions>
    </Filter>
    <Filter Include="Resource Files">
      <UniqueIdentifier>{67DA6AB6-F800-4c08-8B7A-83BB121AAD01}</UniqueIdentifier>
      <Extensions>rc;ico;cur;bmp;dlg;rc2;rct;bin;rgs;gif;jpg;jpeg;jpe;resx;tiff;tif;png;wav;mfcribbon-ms</Extensions>
    </Filter>
    <Filter Include="Source Files\tclap">
      <UniqueIdentifier>{3cd3be7e-6a24-4b8e-b66d-7376efff98fe}</UniqueIdentifier>
    </Filter>
  </ItemGroup>
  <ItemGroup>
    <ClInclude Include="tclap\Arg.h">
      <Filter>Source Files\tclap</Filter>
    </ClInclude>
    <ClInclude Include="tclap\ArgException.h">
      <Filter>Source Files\tclap</Filter>
    </ClInclude>
    <ClInclude Include="tclap\ArgTraits.h">
      <Filter>Source Files\tclap</Filter>
    </ClInclude>
    <ClInclude Include="tclap\CmdLine.h">
      <Filter>Source Files\tclap</Filter>
    </ClInclude>
    <ClInclude Include="tclap\CmdLineInterface.h">
      <Filter>Source Files\tclap</Filter>
    </ClInclude>
    <ClInclude Include="tclap\CmdLineOutput.h">
      <Filter>Source Files\tclap</Filter>
    </ClInclude>
    <ClInclude Include="tclap\Constraint.h">
      <Filter>Source Files\tclap</Filter>
    </ClInclude>
    <ClInclude Include="tclap\DocBookOutput.h">
      <Filter>Source Files\tclap</Filter>
    </ClInclude>
    <ClInclude Include="tclap\HelpVisitor.h">
      <Filter>Source Files\tclap</Filter>
    </ClInclude>
    <ClInclude Include="tclap\IgnoreRestVisitor.h">
      <Filter>Source Files\tclap</Filter>
    </ClInclude>
    <ClInclude Include="tclap\MultiArg.h">
      <Filter>Source Files\tclap</Filter>
    </ClInclude>
    <ClInclude Include="tclap\MultiSwitchArg.h">
      <Filter>Source Files\tclap</Filter>
    </ClInclude>
    <ClInclude Include="tclap\OptionalUnlabeledTracker.h">
      <Filter>Source Files\tclap</Filter>
    </ClInclude>
    <ClInclude Include="tclap\StandardTraits.h">
      <Filter>Source Files\tclap</Filter>
    </ClInclude>
    <ClInclude Include="tclap\StdOutput.h">
      <Filter>Source Files\tclap</Filter>
    </ClInclude>
    <ClInclude Include="tclap\SwitchArg.h">
      <Filter>Source Files\tclap</Filter>
    </ClInclude>
    <ClInclude Include="tclap\UnlabeledMultiArg.h">
      <Filter>Source Files\tclap</Filter>
    </ClInclude>
    <ClInclude Include="tclap\UnlabeledValueArg.h">
      <Filter>Source Files\tclap</Filter>
    </ClInclude>
    <ClInclude Include="tclap\ValueArg.h">
      <Filter>Source Files\tclap</Filter>
    </ClInclude>
    <ClInclude Include="tclap\ValuesConstraint.h">
      <Filter>Source Files\tclap</Filter>
    </ClInclude>
    <ClInclude Include="tclap\VersionVisitor.h">
      <Filter>Source Files\tclap</Filter>
    </ClInclude>
    <ClInclude Include="tclap\Visitor.h">
      <Filter>Source Files\tclap</Filter>
    </ClInclude>
    <ClInclude Include="tclap\XorHandler.h">
      <Filter>Source Files\tclap</Filter>
    </ClInclude>
    <ClInclude Include="tclap\ZshCompletionOutput.h">
      <Filter>Source Files\tclap</Filter>
    </ClInclude>
  </ItemGroup>
  <ItemGroup>
    <None Include="tclap\Makefile.am">
      <Filter>Source Files\tclap</Filter>
    </None>
    <None Include="tclap\Makefile.in">
      <Filter>Source Files\tclap</Filter>
    </None>
  </ItemGroup>
  <ItemGroup>
    <ClCompile Include="main.cpp">
      <Filter>Source Files</Filter>
    </ClCompile>
  </ItemGroup>
</Project>