
Microsoft Visual Studio Solution File, Format Version 12.00
# Visual Studio 15
VisualStudioVersion = 15.0.27004.2002
MinimumVisualStudioVersion = 10.0.40219.1
Project("{8BC9CEB8-8B4A-11D0-8D11-00A0C91BC942}") = "lib", "lib\lib.vcxproj", "{E777991D-06E5-47F8-A99F-331086F05875}"
EndProject
Project("{8BC9CEB8-8B4A-11D0-8D11-00A0C91BC942}") = "console", "console\console.vcxproj", "{1EE8DEC9-1C3D-432E-A901-7B3AE6156C75}"
EndProject
Project("{8BC9CEB8-8B4A-11D0-8D11-00A0C91BC942}") = "TestLib", "TestLib\TestLib.vcxproj", "{4A0CAA7C-610A-4638-BC49-4788734F2DDE}"
EndProject
Project("{8BC9CEB8-8B4A-11D0-8D11-00A0C91BC942}") = "TestPerf", "TestPerf\TestPerf.vcxproj", "{184B9BE6-A8EC-40A3-8B79-55334F51AFB6}"
EndProject
Global
	GlobalSection(Performance) = preSolution
		HasPerformanceSessions = true
	EndGlobalSection
	GlobalSection(SolutionConfigurationPlatforms) = preSolution
		Debug|x64 = Debug|x64
		Debug|x86 = Debug|x86
		Release|x64 = Release|x64
		Release|x86 = Release|x86
	EndGlobalSection
	GlobalSection(ProjectConfigurationPlatforms) = postSolution
		{E777991D-06E5-47F8-A99F-331086F05875}.Debug|x64.ActiveCfg = Debug|x64
		{E777991D-06E5-47F8-A99F-331086F05875}.Debug|x86.ActiveCfg = Debug|x64
		{E777991D-06E5-47F8-A99F-331086F05875}.Release|x64.ActiveCfg = Release|x64
		{E777991D-06E5-47F8-A99F-331086F05875}.Release|x64.Build.0 = Release|x64
		{E777991D-06E5-47F8-A99F-331086F05875}.Release|x64.Deploy.0 = Release|x64
		{E777991D-06E5-47F8-A99F-331086F05875}.Release|x86.ActiveCfg = Release|x64
		{1EE8DEC9-1C3D-432E-A901-7B3AE6156C75}.Debug|x64.ActiveCfg = Debug|x64
		{1EE8DEC9-1C3D-432E-A901-7B3AE6156C75}.Debug|x86.ActiveCfg = Debug|x64
		{1EE8DEC9-1C3D-432E-A901-7B3AE6156C75}.Release|x64.ActiveCfg = Release|x64
		{1EE8DEC9-1C3D-432E-A901-7B3AE6156C75}.Release|x64.Build.0 = Release|x64
		{1EE8DEC9-1C3D-432E-A901-7B3AE6156C75}.Release|x64.Deploy.0 = Release|x64
		{1EE8DEC9-1C3D-432E-A901-7B3AE6156C75}.Release|x86.ActiveCfg = Release|x64
		{4A0CAA7C-610A-4638-BC49-4788734F2DDE}.Debug|x64.ActiveCfg = Debug|x64
		{4A0CAA7C-610A-4638-BC49-4788734F2DDE}.Debug|x64.Build.0 = Debug|x64
		{4A0CAA7C-610A-4638-BC49-4788734F2DDE}.Debug|x86.ActiveCfg = Debug|x64
		{4A0CAA7C-610A-4638-BC49-4788734F2DDE}.Release|x64.ActiveCfg = Release|x64
		{4A0CAA7C-610A-4638-BC49-4788734F2DDE}.Release|x64.Build.0 = Release|x64
		{4A0CAA7C-610A-4638-BC49-4788734F2DDE}.Release|x86.ActiveCfg = Release|x64
		{184B9BE6-A8EC-40A3-8B79-55334F51AFB6}.Debug|x64.ActiveCfg = Debug|x64
		{184B9BE6-A8EC-40A3-8B79-55334F51AFB6}.Debug|x64.Build.0 = Debug|x64
		{184B9BE6-A8EC-40A3-8B79-55334F51AFB6}.Debug|x86.ActiveCfg = Debug|Win32
		{184B9BE6-A8EC-40A3-8B79-55334F51AFB6}.Debug|x86.Build.0 = Debug|Win32
		{184B9BE6-A8EC-40A3-8B79-55334F51AFB6}.Release|x64.ActiveCfg = Release|x64
		{184B9BE6-A8EC-40A3-8B79-55334F51AFB6}.Release|x64.Build.0 = Release|x64
		{184B9BE6-A8EC-40A3-8B79-55334F51AFB6}.Release|x86.ActiveCfg = Release|Win32
		{184B9BE6-A8EC-40A3-8B79-55334F51AFB6}.Release|x86.Build.0 = Release|Win32
	EndGlobalSection
	GlobalSection(SolutionProperties) = preSolution
		HideSolutionNode = FALSE
	EndGlobalSection
	GlobalSection(ExtensibilityGlobals) = postSolution
		SolutionGuid = {7BE78D2C-0152-4D96-89B7-F7A8277523B1}
	EndGlobalSection
	GlobalSection(Performance) = preSolution
		HasPerformanceSessions = true
	EndGlobalSection
EndGlobal
